# THIS IS AN AUTOGENERATED FILE. DO NOT EDIT THIS FILE DIRECTLY.
# yarn lockfile v1


"@biomejs/biome@1.9.3":
  version "1.9.3"
  resolved "https://registry.npmjs.org/@biomejs/biome/-/biome-1.9.3.tgz"
  integrity sha512-POjAPz0APAmX33WOQFGQrwLvlu7WLV4CFJMlB12b6ZSg+2q6fYu9kZwLCOA+x83zXfcPd1RpuWOKJW0GbBwLIQ==
  optionalDependencies:
    "@biomejs/cli-darwin-arm64" "1.9.3"
    "@biomejs/cli-darwin-x64" "1.9.3"
    "@biomejs/cli-linux-arm64" "1.9.3"
    "@biomejs/cli-linux-arm64-musl" "1.9.3"
    "@biomejs/cli-linux-x64" "1.9.3"
    "@biomejs/cli-linux-x64-musl" "1.9.3"
    "@biomejs/cli-win32-arm64" "1.9.3"
    "@biomejs/cli-win32-x64" "1.9.3"

"@biomejs/cli-linux-x64-musl@1.9.3":
  version "1.9.3"
  resolved "https://registry.npmjs.org/@biomejs/cli-linux-x64-musl/-/cli-linux-x64-musl-1.9.3.tgz"
  integrity sha512-TJmnOG2+NOGM72mlczEsNki9UT+XAsMFAOo8J0me/N47EJ/vkLXxf481evfHLlxMejTY6IN8SdRSiPVLv6AHlA==

"@biomejs/cli-linux-x64@1.9.3":
  version "1.9.3"
  resolved "https://registry.npmjs.org/@biomejs/cli-linux-x64/-/cli-linux-x64-1.9.3.tgz"
  integrity sha512-x220V4c+romd26Mu1ptU+EudMXVS4xmzKxPVb9mgnfYlN4Yx9vD5NZraSx/onJnd3Gh/y8iPUdU5CDZJKg9COA==
