# THIS IS AN AUTOGENERATED FILE. DO NOT EDIT THIS FILE DIRECTLY.
# yarn lockfile v1


"@biomejs/biome@1.9.3":
  version "1.9.3"
  resolved "https://registry.npmjs.org/@biomejs/biome/-/biome-1.9.3.tgz"
  integrity sha512-POjAPz0APAmX33WOQFGQrwLvlu7WLV4CFJMlB12b6ZSg+2q6fYu9kZwLCOA+x83zXfcPd1RpuWOKJW0GbBwLIQ==
  optionalDependencies:
    "@biomejs/cli-darwin-arm64" "1.9.3"
    "@biomejs/cli-darwin-x64" "1.9.3"
    "@biomejs/cli-linux-arm64" "1.9.3"
    "@biomejs/cli-linux-arm64-musl" "1.9.3"
    "@biomejs/cli-linux-x64" "1.9.3"
    "@biomejs/cli-linux-x64-musl" "1.9.3"
    "@biomejs/cli-win32-arm64" "1.9.3"
    "@biomejs/cli-win32-x64" "1.9.3"

"@biomejs/cli-win32-x64@1.9.3":
  version "1.9.3"
  resolved "https://registry.npmjs.org/@biomejs/cli-win32-x64/-/cli-win32-x64-1.9.3.tgz"
  integrity sha512-cQMy2zanBkVLpmmxXdK6YePzmZx0s5Z7KEnwmrW54rcXK3myCNbQa09SwGZ8i/8sLw0H9F3X7K4rxVNGU8/D4Q==
